// !$*UTF8*$!
{
	archiveVersion = 1;
	classes = {
	};
	objectVersion = 50;
	objects = {

/* Begin PBXBuildFile section */
		A936587E2516F93100402DA5 /* DNS_ConfiguratorApp.swift in Sources */ = {isa = PBXBuildFile; fileRef = A936587D2516F93100402DA5 /* DNS_ConfiguratorApp.swift */; };
		A93658802516F93100402DA5 /* ContentView.swift in Sources */ = {isa = PBXBuildFile; fileRef = A936587F2516F93100402DA5 /* ContentView.swift */; };
		A93658822516F93300402DA5 /* Assets.xcassets in Resources */ = {isa = PBXBuildFile; fileRef = A93658812516F93300402DA5 /* Assets.xcassets */; };
		A93658852516F93300402DA5 /* Preview Assets.xcassets in Resources */ = {isa = PBXBuildFile; fileRef = A93658842516F93300402DA5 /* Preview Assets.xcassets */; };
		A93658902516F93300402DA5 /* DNS_ConfiguratorTests.swift in Sources */ = {isa = PBXBuildFile; fileRef = A936588F2516F93300402DA5 /* DNS_ConfiguratorTests.swift */; };
		A936589B2516F93300402DA5 /* DNS_ConfiguratorUITests.swift in Sources */ = {isa = PBXBuildFile; fileRef = A936589A2516F93300402DA5 /* DNS_ConfiguratorUITests.swift */; };
		A93658AE2516F96600402DA5 /* NetworkExtension.framework in Frameworks */ = {isa = PBXBuildFile; fileRef = A93658AD2516F96600402DA5 /* NetworkExtension.framework */; };
		A9833DEE2517336700DA388F /* DoHConfig.swift in Sources */ = {isa = PBXBuildFile; fileRef = A9833DED2517336700DA388F /* DoHConfig.swift */; };
		A9833DF9251735AC00DA388F /* DoHConfigDetailView.swift in Sources */ = {isa = PBXBuildFile; fileRef = A9833DF8251735AC00DA388F /* DoHConfigDetailView.swift */; };
		A9D0AEA92518740E001F3547 /* DoHConfigView.swift in Sources */ = {isa = PBXBuildFile; fileRef = A9D0AEA82518740E001F3547 /* DoHConfigView.swift */; };
		A9D0AEAE25188F7A001F3547 /* DoHStatusView.swift in Sources */ = {isa = PBXBuildFile; fileRef = A9D0AEAD25188F7A001F3547 /* DoHStatusView.swift */; };
		A9D0AEB725189F63001F3547 /* DNSSettings.swift in Sources */ = {isa = PBXBuildFile; fileRef = A9D0AEB625189F63001F3547 /* DNSSettings.swift */; };
		A9D0AEBF2518A813001F3547 /* UsageModalView.swift in Sources */ = {isa = PBXBuildFile; fileRef = A9D0AEBE2518A813001F3547 /* UsageModalView.swift */; };
		A9D5697825182EA1008C1E47 /* DoHConfigListView.swift in Sources */ = {isa = PBXBuildFile; fileRef = A9D5697725182EA1008C1E47 /* DoHConfigListView.swift */; };
		A9D56984251830D7008C1E47 /* OptionsView.swift in Sources */ = {isa = PBXBuildFile; fileRef = A9D56983251830D7008C1E47 /* OptionsView.swift */; };
/* End PBXBuildFile section */

/* Begin PBXContainerItemProxy section */
		A936588C2516F93300402DA5 /* PBXContainerItemProxy */ = {
			isa = PBXContainerItemProxy;
			containerPortal = A93658722516F93100402DA5 /* Project object */;
			proxyType = 1;
			remoteGlobalIDString = A93658792516F93100402DA5;
			remoteInfo = "DNS Configurator";
		};
		A93658972516F93300402DA5 /* PBXContainerItemProxy */ = {
			isa = PBXContainerItemProxy;
			containerPortal = A93658722516F93100402DA5 /* Project object */;
			proxyType = 1;
			remoteGlobalIDString = A93658792516F93100402DA5;
			remoteInfo = "DNS Configurator";
		};
/* End PBXContainerItemProxy section */

/* Begin PBXFileReference section */
		A936587A2516F93100402DA5 /* DNS Configurator.app */ = {isa = PBXFileReference; explicitFileType = wrapper.application; includeInIndex = 0; path = "DNS Configurator.app"; sourceTree = BUILT_PRODUCTS_DIR; };
		A936587D2516F93100402DA5 /* DNS_ConfiguratorApp.swift */ = {isa = PBXFileReference; lastKnownFileType = sourcecode.swift; path = DNS_ConfiguratorApp.swift; sourceTree = "<group>"; };
		A936587F2516F93100402DA5 /* ContentView.swift */ = {isa = PBXFileReference; lastKnownFileType = sourcecode.swift; path = ContentView.swift; sourceTree = "<group>"; };
		A93658812516F93300402DA5 /* Assets.xcassets */ = {isa = PBXFileReference; lastKnownFileType = folder.assetcatalog; path = Assets.xcassets; sourceTree = "<group>"; };
		A93658842516F93300402DA5 /* Preview Assets.xcassets */ = {isa = PBXFileReference; lastKnownFileType = folder.assetcatalog; path = "Preview Assets.xcassets"; sourceTree = "<group>"; };
		A93658862516F93300402DA5 /* Info.plist */ = {isa = PBXFileReference; lastKnownFileType = text.plist.xml; path = Info.plist; sourceTree = "<group>"; };
		A936588B2516F93300402DA5 /* DNS ConfiguratorTests.xctest */ = {isa = PBXFileReference; explicitFileType = wrapper.cfbundle; includeInIndex = 0; path = "DNS ConfiguratorTests.xctest"; sourceTree = BUILT_PRODUCTS_DIR; };
		A936588F2516F93300402DA5 /* DNS_ConfiguratorTests.swift */ = {isa = PBXFileReference; lastKnownFileType = sourcecode.swift; path = DNS_ConfiguratorTests.swift; sourceTree = "<group>"; };
		A93658912516F93300402DA5 /* Info.plist */ = {isa = PBXFileReference; lastKnownFileType = text.plist.xml; path = Info.plist; sourceTree = "<group>"; };
		A93658962516F93300402DA5 /* DNS ConfiguratorUITests.xctest */ = {isa = PBXFileReference; explicitFileType = wrapper.cfbundle; includeInIndex = 0; path = "DNS ConfiguratorUITests.xctest"; sourceTree = BUILT_PRODUCTS_DIR; };
		A936589A2516F93300402DA5 /* DNS_ConfiguratorUITests.swift */ = {isa = PBXFileReference; lastKnownFileType = sourcecode.swift; path = DNS_ConfiguratorUITests.swift; sourceTree = "<group>"; };
		A936589C2516F93300402DA5 /* Info.plist */ = {isa = PBXFileReference; lastKnownFileType = text.plist.xml; path = Info.plist; sourceTree = "<group>"; };
		A93658AB2516F96600402DA5 /* DNS Configurator.entitlements */ = {isa = PBXFileReference; lastKnownFileType = text.plist.entitlements; path = "DNS Configurator.entitlements"; sourceTree = "<group>"; };
		A93658AD2516F96600402DA5 /* NetworkExtension.framework */ = {isa = PBXFileReference; lastKnownFileType = wrapper.framework; name = NetworkExtension.framework; path = System/Library/Frameworks/NetworkExtension.framework; sourceTree = SDKROOT; };
		A9833DED2517336700DA388F /* DoHConfig.swift */ = {isa = PBXFileReference; lastKnownFileType = sourcecode.swift; path = DoHConfig.swift; sourceTree = "<group>"; };
		A9833DF8251735AC00DA388F /* DoHConfigDetailView.swift */ = {isa = PBXFileReference; lastKnownFileType = sourcecode.swift; path = DoHConfigDetailView.swift; sourceTree = "<group>"; };
		A9D0AEA82518740E001F3547 /* DoHConfigView.swift */ = {isa = PBXFileReference; lastKnownFileType = sourcecode.swift; path = DoHConfigView.swift; sourceTree = "<group>"; };
		A9D0AEAD25188F7A001F3547 /* DoHStatusView.swift */ = {isa = PBXFileReference; lastKnownFileType = sourcecode.swift; path = DoHStatusView.swift; sourceTree = "<group>"; };
		A9D0AEB625189F63001F3547 /* DNSSettings.swift */ = {isa = PBXFileReference; lastKnownFileType = sourcecode.swift; path = DNSSettings.swift; sourceTree = "<group>"; };
		A9D0AEBE2518A813001F3547 /* UsageModalView.swift */ = {isa = PBXFileReference; lastKnownFileType = sourcecode.swift; path = UsageModalView.swift; sourceTree = "<group>"; };
		A9D5697725182EA1008C1E47 /* DoHConfigListView.swift */ = {isa = PBXFileReference; lastKnownFileType = sourcecode.swift; path = DoHConfigListView.swift; sourceTree = "<group>"; };
		A9D56983251830D7008C1E47 /* OptionsView.swift */ = {isa = PBXFileReference; lastKnownFileType = sourcecode.swift; path = OptionsView.swift; sourceTree = "<group>"; };
/* End PBXFileReference section */

/* Begin PBXFrameworksBuildPhase section */
		A93658772516F93100402DA5 /* Frameworks */ = {
			isa = PBXFrameworksBuildPhase;
			buildActionMask = 2147483647;
			files = (
				A93658AE2516F96600402DA5 /* NetworkExtension.framework in Frameworks */,
			);
			runOnlyForDeploymentPostprocessing = 0;
		};
		A93658882516F93300402DA5 /* Frameworks */ = {
			isa = PBXFrameworksBuildPhase;
			buildActionMask = 2147483647;
			files = (
			);
			runOnlyForDeploymentPostprocessing = 0;
		};
		A93658932516F93300402DA5 /* Frameworks */ = {
			isa = PBXFrameworksBuildPhase;
			buildActionMask = 2147483647;
			files = (
			);
			runOnlyForDeploymentPostprocessing = 0;
		};
/* End PBXFrameworksBuildPhase section */

/* Begin PBXGroup section */
		A93658712516F93100402DA5 = {
			isa = PBXGroup;
			children = (
				A936587C2516F93100402DA5 /* DNS Configurator */,
				A936588E2516F93300402DA5 /* DNS ConfiguratorTests */,
				A93658992516F93300402DA5 /* DNS ConfiguratorUITests */,
				A936587B2516F93100402DA5 /* Products */,
				A93658AC2516F96600402DA5 /* Frameworks */,
			);
			sourceTree = "<group>";
		};
		A936587B2516F93100402DA5 /* Products */ = {
			isa = PBXGroup;
			children = (
				A936587A2516F93100402DA5 /* DNS Configurator.app */,
				A936588B2516F93300402DA5 /* DNS ConfiguratorTests.xctest */,
				A93658962516F93300402DA5 /* DNS ConfiguratorUITests.xctest */,
			);
			name = Products;
			sourceTree = "<group>";
		};
		A936587C2516F93100402DA5 /* DNS Configurator */ = {
			isa = PBXGroup;
			children = (
				A9833DEC2517334900DA388F /* Model */,
				A9D0AEB525189F35001F3547 /* Store */,
				A9D5697F25182F4F008C1E47 /* View */,
				A93658AB2516F96600402DA5 /* DNS Configurator.entitlements */,
				A936587D2516F93100402DA5 /* DNS_ConfiguratorApp.swift */,
				A93658812516F93300402DA5 /* Assets.xcassets */,
				A93658862516F93300402DA5 /* Info.plist */,
				A93658832516F93300402DA5 /* Preview Content */,
			);
			path = "DNS Configurator";
			sourceTree = "<group>";
		};
		A93658832516F93300402DA5 /* Preview Content */ = {
			isa = PBXGroup;
			children = (
				A93658842516F93300402DA5 /* Preview Assets.xcassets */,
			);
			path = "Preview Content";
			sourceTree = "<group>";
		};
		A936588E2516F93300402DA5 /* DNS ConfiguratorTests */ = {
			isa = PBXGroup;
			children = (
				A936588F2516F93300402DA5 /* DNS_ConfiguratorTests.swift */,
				A93658912516F93300402DA5 /* Info.plist */,
			);
			path = "DNS ConfiguratorTests";
			sourceTree = "<group>";
		};
		A93658992516F93300402DA5 /* DNS ConfiguratorUITests */ = {
			isa = PBXGroup;
			children = (
				A936589A2516F93300402DA5 /* DNS_ConfiguratorUITests.swift */,
				A936589C2516F93300402DA5 /* Info.plist */,
			);
			path = "DNS ConfiguratorUITests";
			sourceTree = "<group>";
		};
		A93658AC2516F96600402DA5 /* Frameworks */ = {
			isa = PBXGroup;
			children = (
				A93658AD2516F96600402DA5 /* NetworkExtension.framework */,
			);
			name = Frameworks;
			sourceTree = "<group>";
		};
		A9833DEC2517334900DA388F /* Model */ = {
			isa = PBXGroup;
			children = (
				A9833DED2517336700DA388F /* DoHConfig.swift */,
			);
			path = Model;
			sourceTree = "<group>";
		};
		A9D0AEB525189F35001F3547 /* Store */ = {
			isa = PBXGroup;
			children = (
				A9D0AEB625189F63001F3547 /* DNSSettings.swift */,
			);
			path = Store;
			sourceTree = "<group>";
		};
		A9D5697F25182F4F008C1E47 /* View */ = {
			isa = PBXGroup;
			children = (
				A936587F2516F93100402DA5 /* ContentView.swift */,
				A9D0AEA82518740E001F3547 /* DoHConfigView.swift */,
				A9833DF8251735AC00DA388F /* DoHConfigDetailView.swift */,
				A9D5697725182EA1008C1E47 /* DoHConfigListView.swift */,
				A9D0AEAD25188F7A001F3547 /* DoHStatusView.swift */,
				A9D56983251830D7008C1E47 /* OptionsView.swift */,
				A9D0AEBE2518A813001F3547 /* UsageModalView.swift */,
			);
			path = View;
			sourceTree = "<group>";
		};
/* End PBXGroup section */

/* Begin PBXNativeTarget section */
		A93658792516F93100402DA5 /* DNS Configurator */ = {
			isa = PBXNativeTarget;
			buildConfigurationList = A936589F2516F93300402DA5 /* Build configuration list for PBXNativeTarget "DNS Configurator" */;
			buildPhases = (
				A93658762516F93100402DA5 /* Sources */,
				A93658772516F93100402DA5 /* Frameworks */,
				A93658782516F93100402DA5 /* Resources */,
			);
			buildRules = (
			);
			dependencies = (
			);
			name = "DNS Configurator";
			productName = "DNS Configurator";
			productReference = A936587A2516F93100402DA5 /* DNS Configurator.app */;
			productType = "com.apple.product-type.application";
		};
		A936588A2516F93300402DA5 /* DNS ConfiguratorTests */ = {
			isa = PBXNativeTarget;
			buildConfigurationList = A93658A22516F93300402DA5 /* Build configuration list for PBXNativeTarget "DNS ConfiguratorTests" */;
			buildPhases = (
				A93658872516F93300402DA5 /* Sources */,
				A93658882516F93300402DA5 /* Frameworks */,
				A93658892516F93300402DA5 /* Resources */,
			);
			buildRules = (
			);
			dependencies = (
				A936588D2516F93300402DA5 /* PBXTargetDependency */,
			);
			name = "DNS ConfiguratorTests";
			productName = "DNS ConfiguratorTests";
			productReference = A936588B2516F93300402DA5 /* DNS ConfiguratorTests.xctest */;
			productType = "com.apple.product-type.bundle.unit-test";
		};
		A93658952516F93300402DA5 /* DNS ConfiguratorUITests */ = {
			isa = PBXNativeTarget;
			buildConfigurationList = A93658A52516F93300402DA5 /* Build configuration list for PBXNativeTarget "DNS ConfiguratorUITests" */;
			buildPhases = (
				A93658922516F93300402DA5 /* Sources */,
				A93658932516F93300402DA5 /* Frameworks */,
				A93658942516F93300402DA5 /* Resources */,
			);
			buildRules = (
			);
			dependencies = (
				A93658982516F93300402DA5 /* PBXTargetDependency */,
			);
			name = "DNS ConfiguratorUITests";
			productName = "DNS ConfiguratorUITests";
			productReference = A93658962516F93300402DA5 /* DNS ConfiguratorUITests.xctest */;
			productType = "com.apple.product-type.bundle.ui-testing";
		};
/* End PBXNativeTarget section */

/* Begin PBXProject section */
		A93658722516F93100402DA5 /* Project object */ = {
			isa = PBXProject;
			attributes = {
				LastSwiftUpdateCheck = 1200;
				LastUpgradeCheck = 1200;
				TargetAttributes = {
					A93658792516F93100402DA5 = {
						CreatedOnToolsVersion = 12.0;
					};
					A936588A2516F93300402DA5 = {
						CreatedOnToolsVersion = 12.0;
						TestTargetID = A93658792516F93100402DA5;
					};
					A93658952516F93300402DA5 = {
						CreatedOnToolsVersion = 12.0;
						TestTargetID = A93658792516F93100402DA5;
					};
				};
			};
			buildConfigurationList = A93658752516F93100402DA5 /* Build configuration list for PBXProject "DNS Configurator" */;
			compatibilityVersion = "Xcode 9.3";
			developmentRegion = en;
			hasScannedForEncodings = 0;
			knownRegions = (
				en,
				Base,
			);
			mainGroup = A93658712516F93100402DA5;
			productRefGroup = A936587B2516F93100402DA5 /* Products */;
			projectDirPath = "";
			projectRoot = "";
			targets = (
				A93658792516F93100402DA5 /* DNS Configurator */,
				A936588A2516F93300402DA5 /* DNS ConfiguratorTests */,
				A93658952516F93300402DA5 /* DNS ConfiguratorUITests */,
			);
		};
/* End PBXProject section */

/* Begin PBXResourcesBuildPhase section */
		A93658782516F93100402DA5 /* Resources */ = {
			isa = PBXResourcesBuildPhase;
			buildActionMask = 2147483647;
			files = (
				A93658852516F93300402DA5 /* Preview Assets.xcassets in Resources */,
				A93658822516F93300402DA5 /* Assets.xcassets in Resources */,
			);
			runOnlyForDeploymentPostprocessing = 0;
		};
		A93658892516F93300402DA5 /* Resources */ = {
			isa = PBXResourcesBuildPhase;
			buildActionMask = 2147483647;
			files = (
			);
			runOnlyForDeploymentPostprocessing = 0;
		};
		A93658942516F93300402DA5 /* Resources */ = {
			isa = PBXResourcesBuildPhase;
			buildActionMask = 2147483647;
			files = (
			);
			runOnlyForDeploymentPostprocessing = 0;
		};
/* End PBXResourcesBuildPhase section */

/* Begin PBXSourcesBuildPhase section */
		A93658762516F93100402DA5 /* Sources */ = {
			isa = PBXSourcesBuildPhase;
			buildActionMask = 2147483647;
			files = (
				A9D0AEBF2518A813001F3547 /* UsageModalView.swift in Sources */,
				A9D0AEAE25188F7A001F3547 /* DoHStatusView.swift in Sources */,
				A9D0AEB725189F63001F3547 /* DNSSettings.swift in Sources */,
				A93658802516F93100402DA5 /* ContentView.swift in Sources */,
				A936587E2516F93100402DA5 /* DNS_ConfiguratorApp.swift in Sources */,
				A9D0AEA92518740E001F3547 /* DoHConfigView.swift in Sources */,
				A9D5697825182EA1008C1E47 /* DoHConfigListView.swift in Sources */,
				A9D56984251830D7008C1E47 /* OptionsView.swift in Sources */,
				A9833DF9251735AC00DA388F /* DoHConfigDetailView.swift in Sources */,
				A9833DEE2517336700DA388F /* DoHConfig.swift in Sources */,
			);
			runOnlyForDeploymentPostprocessing = 0;
		};
		A93658872516F93300402DA5 /* Sources */ = {
			isa = PBXSourcesBuildPhase;
			buildActionMask = 2147483647;
			files = (
				A93658902516F93300402DA5 /* DNS_ConfiguratorTests.swift in Sources */,
			);
			runOnlyForDeploymentPostprocessing = 0;
		};
		A93658922516F93300402DA5 /* Sources */ = {
			isa = PBXSourcesBuildPhase;
			buildActionMask = 2147483647;
			files = (
				A936589B2516F93300402DA5 /* DNS_ConfiguratorUITests.swift in Sources */,
			);
			runOnlyForDeploymentPostprocessing = 0;
		};
/* End PBXSourcesBuildPhase section */

/* Begin PBXTargetDependency section */
		A936588D2516F93300402DA5 /* PBXTargetDependency */ = {
			isa = PBXTargetDependency;
			target = A93658792516F93100402DA5 /* DNS Configurator */;
			targetProxy = A936588C2516F93300402DA5 /* PBXContainerItemProxy */;
		};
		A93658982516F93300402DA5 /* PBXTargetDependency */ = {
			isa = PBXTargetDependency;
			target = A93658792516F93100402DA5 /* DNS Configurator */;
			targetProxy = A93658972516F93300402DA5 /* PBXContainerItemProxy */;
		};
/* End PBXTargetDependency section */

/* Begin XCBuildConfiguration section */
		A936589D2516F93300402DA5 /* Debug */ = {
			isa = XCBuildConfiguration;
			buildSettings = {
				ALWAYS_SEARCH_USER_PATHS = NO;
				CLANG_ANALYZER_NONNULL = YES;
				CLANG_ANALYZER_NUMBER_OBJECT_CONVERSION = YES_AGGRESSIVE;
				CLANG_CXX_LANGUAGE_STANDARD = "gnu++14";
				CLANG_CXX_LIBRARY = "libc++";
				CLANG_ENABLE_MODULES = YES;
				CLANG_ENABLE_OBJC_ARC = YES;
				CLANG_ENABLE_OBJC_WEAK = YES;
				CLANG_WARN_BLOCK_CAPTURE_AUTORELEASING = YES;
				CLANG_WARN_BOOL_CONVERSION = YES;
				CLANG_WARN_COMMA = YES;
				CLANG_WARN_CONSTANT_CONVERSION = YES;
				CLANG_WARN_DEPRECATED_OBJC_IMPLEMENTATIONS = YES;
				CLANG_WARN_DIRECT_OBJC_ISA_USAGE = YES_ERROR;
				CLANG_WARN_DOCUMENTATION_COMMENTS = YES;
				CLANG_WARN_EMPTY_BODY = YES;
				CLANG_WARN_ENUM_CONVERSION = YES;
				CLANG_WARN_INFINITE_RECURSION = YES;
				CLANG_WARN_INT_CONVERSION = YES;
				CLANG_WARN_NON_LITERAL_NULL_CONVERSION = YES;
				CLANG_WARN_OBJC_IMPLICIT_RETAIN_SELF = YES;
				CLANG_WARN_OBJC_LITERAL_CONVERSION = YES;
				CLANG_WARN_OBJC_ROOT_CLASS = YES_ERROR;
				CLANG_WARN_QUOTED_INCLUDE_IN_FRAMEWORK_HEADER = YES;
				CLANG_WARN_RANGE_LOOP_ANALYSIS = YES;
				CLANG_WARN_STRICT_PROTOTYPES = YES;
				CLANG_WARN_SUSPICIOUS_MOVE = YES;
				CLANG_WARN_UNGUARDED_AVAILABILITY = YES_AGGRESSIVE;
				CLANG_WARN_UNREACHABLE_CODE = YES;
				CLANG_WARN__DUPLICATE_METHOD_MATCH = YES;
				COPY_PHASE_STRIP = NO;
				DEBUG_INFORMATION_FORMAT = dwarf;
				ENABLE_STRICT_OBJC_MSGSEND = YES;
				ENABLE_TESTABILITY = YES;
				GCC_C_LANGUAGE_STANDARD = gnu11;
				GCC_DYNAMIC_NO_PIC = NO;
				GCC_NO_COMMON_BLOCKS = YES;
				GCC_OPTIMIZATION_LEVEL = 0;
				GCC_PREPROCESSOR_DEFINITIONS = (
					"DEBUG=1",
					"$(inherited)",
				);
				GCC_WARN_64_TO_32_BIT_CONVERSION = YES;
				GCC_WARN_ABOUT_RETURN_TYPE = YES_ERROR;
				GCC_WARN_UNDECLARED_SELECTOR = YES;
				GCC_WARN_UNINITIALIZED_AUTOS = YES_AGGRESSIVE;
				GCC_WARN_UNUSED_FUNCTION = YES;
				GCC_WARN_UNUSED_VARIABLE = YES;
				IPHONEOS_DEPLOYMENT_TARGET = 14.0;
				MTL_ENABLE_DEBUG_INFO = INCLUDE_SOURCE;
				MTL_FAST_MATH = YES;
				ONLY_ACTIVE_ARCH = YES;
				SDKROOT = iphoneos;
				SWIFT_ACTIVE_COMPILATION_CONDITIONS = DEBUG;
				SWIFT_OPTIMIZATION_LEVEL = "-Onone";
			};
			name = Debug;
		};
		A936589E2516F93300402DA5 /* Release */ = {
			isa = XCBuildConfiguration;
			buildSettings = {
				ALWAYS_SEARCH_USER_PATHS = NO;
				CLANG_ANALYZER_NONNULL = YES;
				CLANG_ANALYZER_NUMBER_OBJECT_CONVERSION = YES_AGGRESSIVE;
				CLANG_CXX_LANGUAGE_STANDARD = "gnu++14";
				CLANG_CXX_LIBRARY = "libc++";
				CLANG_ENABLE_MODULES = YES;
				CLANG_ENABLE_OBJC_ARC = YES;
				CLANG_ENABLE_OBJC_WEAK = YES;
				CLANG_WARN_BLOCK_CAPTURE_AUTORELEASING = YES;
				CLANG_WARN_BOOL_CONVERSION = YES;
				CLANG_WARN_COMMA = YES;
				CLANG_WARN_CONSTANT_CONVERSION = YES;
				CLANG_WARN_DEPRECATED_OBJC_IMPLEMENTATIONS = YES;
				CLANG_WARN_DIRECT_OBJC_ISA_USAGE = YES_ERROR;
				CLANG_WARN_DOCUMENTATION_COMMENTS = YES;
				CLANG_WARN_EMPTY_BODY = YES;
				CLANG_WARN_ENUM_CONVERSION = YES;
				CLANG_WARN_INFINITE_RECURSION = YES;
				CLANG_WARN_INT_CONVERSION = YES;
				CLANG_WARN_NON_LITERAL_NULL_CONVERSION = YES;
				CLANG_WARN_OBJC_IMPLICIT_RETAIN_SELF = YES;
				CLANG_WARN_OBJC_LITERAL_CONVERSION = YES;
				CLANG_WARN_OBJC_ROOT_CLASS = YES_ERROR;
				CLANG_WARN_QUOTED_INCLUDE_IN_FRAMEWORK_HEADER = YES;
				CLANG_WARN_RANGE_LOOP_ANALYSIS = YES;
				CLANG_WARN_STRICT_PROTOTYPES = YES;
				CLANG_WARN_SUSPICIOUS_MOVE = YES;
				CLANG_WARN_UNGUARDED_AVAILABILITY = YES_AGGRESSIVE;
				CLANG_WARN_UNREACHABLE_CODE = YES;
				CLANG_WARN__DUPLICATE_METHOD_MATCH = YES;
				COPY_PHASE_STRIP = NO;
				DEBUG_INFORMATION_FORMAT = "dwarf-with-dsym";
				ENABLE_NS_ASSERTIONS = NO;
				ENABLE_STRICT_OBJC_MSGSEND = YES;
				GCC_C_LANGUAGE_STANDARD = gnu11;
				GCC_NO_COMMON_BLOCKS = YES;
				GCC_WARN_64_TO_32_BIT_CONVERSION = YES;
				GCC_WARN_ABOUT_RETURN_TYPE = YES_ERROR;
				GCC_WARN_UNDECLARED_SELECTOR = YES;
				GCC_WARN_UNINITIALIZED_AUTOS = YES_AGGRESSIVE;
				GCC_WARN_UNUSED_FUNCTION = YES;
				GCC_WARN_UNUSED_VARIABLE = YES;
				IPHONEOS_DEPLOYMENT_TARGET = 14.0;
				MTL_ENABLE_DEBUG_INFO = NO;
				MTL_FAST_MATH = YES;
				SDKROOT = iphoneos;
				SWIFT_COMPILATION_MODE = wholemodule;
				SWIFT_OPTIMIZATION_LEVEL = "-O";
				VALIDATE_PRODUCT = YES;
			};
			name = Release;
		};
		A93658A02516F93300402DA5 /* Debug */ = {
			isa = XCBuildConfiguration;
			buildSettings = {
				ASSETCATALOG_COMPILER_APPICON_NAME = AppIcon;
				ASSETCATALOG_COMPILER_GLOBAL_ACCENT_COLOR_NAME = AccentColor;
				CODE_SIGN_ENTITLEMENTS = "DNS Configurator/DNS Configurator.entitlements";
				CODE_SIGN_STYLE = Automatic;
				CURRENT_PROJECT_VERSION = 2;
				DEVELOPMENT_ASSET_PATHS = "\"DNS Configurator/Preview Content\"";
				DEVELOPMENT_TEAM = 788YH48Y3Q;
				ENABLE_PREVIEWS = YES;
				INFOPLIST_FILE = "DNS Configurator/Info.plist";
				IPHONEOS_DEPLOYMENT_TARGET = 14.0;
				LD_RUNPATH_SEARCH_PATHS = (
					"$(inherited)",
					"@executable_path/Frameworks",
				);
				PRODUCT_BUNDLE_IDENTIFIER = "jp.tetra2000.DNS-Configurator";
				PRODUCT_NAME = "$(TARGET_NAME)";
				SWIFT_VERSION = 5.0;
				TARGETED_DEVICE_FAMILY = 1;
			};
			name = Debug;
		};
		A93658A12516F93300402DA5 /* Release */ = {
			isa = XCBuildConfiguration;
			buildSettings = {
				ASSETCATALOG_COMPILER_APPICON_NAME = AppIcon;
				ASSETCATALOG_COMPILER_GLOBAL_ACCENT_COLOR_NAME = AccentColor;
				CODE_SIGN_ENTITLEMENTS = "DNS Configurator/DNS Configurator.entitlements";
				CODE_SIGN_STYLE = Automatic;
				CURRENT_PROJECT_VERSION = 2;
				DEVELOPMENT_ASSET_PATHS = "\"DNS Configurator/Preview Content\"";
				DEVELOPMENT_TEAM = 788YH48Y3Q;
				ENABLE_PREVIEWS = YES;
				INFOPLIST_FILE = "DNS Configurator/Info.plist";
				IPHONEOS_DEPLOYMENT_TARGET = 14.0;
				LD_RUNPATH_SEARCH_PATHS = (
					"$(inherited)",
					"@executable_path/Frameworks",
				);
				PRODUCT_BUNDLE_IDENTIFIER = "jp.tetra2000.DNS-Configurator";
				PRODUCT_NAME = "$(TARGET_NAME)";
				SWIFT_VERSION = 5.0;
				TARGETED_DEVICE_FAMILY = 1;
			};
			name = Release;
		};
		A93658A32516F93300402DA5 /* Debug */ = {
			isa = XCBuildConfiguration;
			buildSettings = {
				ALWAYS_EMBED_SWIFT_STANDARD_LIBRARIES = YES;
				BUNDLE_LOADER = "$(TEST_HOST)";
				CODE_SIGN_STYLE = Automatic;
				DEVELOPMENT_TEAM = 788YH48Y3Q;
				INFOPLIST_FILE = "DNS ConfiguratorTests/Info.plist";
				IPHONEOS_DEPLOYMENT_TARGET = 14.0;
				LD_RUNPATH_SEARCH_PATHS = (
					"$(inherited)",
					"@executable_path/Frameworks",
					"@loader_path/Frameworks",
				);
				PRODUCT_BUNDLE_IDENTIFIER = "jp.tetra2000.DNS-ConfiguratorTests";
				PRODUCT_NAME = "$(TARGET_NAME)";
				SWIFT_VERSION = 5.0;
				TARGETED_DEVICE_FAMILY = "1,2";
				TEST_HOST = "$(BUILT_PRODUCTS_DIR)/DNS Configurator.app/DNS Configurator";
			};
			name = Debug;
		};
		A93658A42516F93300402DA5 /* Release */ = {
			isa = XCBuildConfiguration;
			buildSettings = {
				ALWAYS_EMBED_SWIFT_STANDARD_LIBRARIES = YES;
				BUNDLE_LOADER = "$(TEST_HOST)";
				CODE_SIGN_STYLE = Automatic;
				DEVELOPMENT_TEAM = 788YH48Y3Q;
				INFOPLIST_FILE = "DNS ConfiguratorTests/Info.plist";
				IPHONEOS_DEPLOYMENT_TARGET = 14.0;
				LD_RUNPATH_SEARCH_PATHS = (
					"$(inherited)",
					"@executable_path/Frameworks",
					"@loader_path/Frameworks",
				);
				PRODUCT_BUNDLE_IDENTIFIER = "jp.tetra2000.DNS-ConfiguratorTests";
				PRODUCT_NAME = "$(TARGET_NAME)";
				SWIFT_VERSION = 5.0;
				TARGETED_DEVICE_FAMILY = "1,2";
				TEST_HOST = "$(BUILT_PRODUCTS_DIR)/DNS Configurator.app/DNS Configurator";
			};
			name = Release;
		};
		A93658A62516F93300402DA5 /* Debug */ = {
			isa = XCBuildConfiguration;
			buildSettings = {
				ALWAYS_EMBED_SWIFT_STANDARD_LIBRARIES = YES;
				CODE_SIGN_STYLE = Automatic;
				DEVELOPMENT_TEAM = 788YH48Y3Q;
				INFOPLIST_FILE = "DNS ConfiguratorUITests/Info.plist";
				LD_RUNPATH_SEARCH_PATHS = (
					"$(inherited)",
					"@executable_path/Frameworks",
					"@loader_path/Frameworks",
				);
				PRODUCT_BUNDLE_IDENTIFIER = "jp.tetra2000.DNS-ConfiguratorUITests";
				PRODUCT_NAME = "$(TARGET_NAME)";
				SWIFT_VERSION = 5.0;
				TARGETED_DEVICE_FAMILY = "1,2";
				TEST_TARGET_NAME = "DNS Configurator";
			};
			name = Debug;
		};
		A93658A72516F93300402DA5 /* Release */ = {
			isa = XCBuildConfiguration;
			buildSettings = {
				ALWAYS_EMBED_SWIFT_STANDARD_LIBRARIES = YES;
				CODE_SIGN_STYLE = Automatic;
				DEVELOPMENT_TEAM = 788YH48Y3Q;
				INFOPLIST_FILE = "DNS ConfiguratorUITests/Info.plist";
				LD_RUNPATH_SEARCH_PATHS = (
					"$(inherited)",
					"@executable_path/Frameworks",
					"@loader_path/Frameworks",
				);
				PRODUCT_BUNDLE_IDENTIFIER = "jp.tetra2000.DNS-ConfiguratorUITests";
				PRODUCT_NAME = "$(TARGET_NAME)";
				SWIFT_VERSION = 5.0;
				TARGETED_DEVICE_FAMILY = "1,2";
				TEST_TARGET_NAME = "DNS Configurator";
			};
			name = Release;
		};
/* End XCBuildConfiguration section */

/* Begin XCConfigurationList section */
		A93658752516F93100402DA5 /* Build configuration list for PBXProject "DNS Configurator" */ = {
			isa = XCConfigurationList;
			buildConfigurations = (
				A936589D2516F93300402DA5 /* Debug */,
				A936589E2516F93300402DA5 /* Release */,
			);
			defaultConfigurationIsVisible = 0;
			defaultConfigurationName = Release;
		};
		A936589F2516F93300402DA5 /* Build configuration list for PBXNativeTarget "DNS Configurator" */ = {
			isa = XCConfigurationList;
			buildConfigurations = (
				A93658A02516F93300402DA5 /* Debug */,
				A93658A12516F93300402DA5 /* Release */,
			);
			defaultConfigurationIsVisible = 0;
			defaultConfigurationName = Release;
		};
		A93658A22516F93300402DA5 /* Build configuration list for PBXNativeTarget "DNS ConfiguratorTests" */ = {
			isa = XCConfigurationList;
			buildConfigurations = (
				A93658A32516F93300402DA5 /* Debug */,
				A93658A42516F93300402DA5 /* Release */,
			);
			defaultConfigurationIsVisible = 0;
			defaultConfigurationName = Release;
		};
		A93658A52516F93300402DA5 /* Build configuration list for PBXNativeTarget "DNS ConfiguratorUITests" */ = {
			isa = XCConfigurationList;
			buildConfigurations = (
				A93658A62516F93300402DA5 /* Debug */,
				A93658A72516F93300402DA5 /* Release */,
			);
			defaultConfigurationIsVisible = 0;
			defaultConfigurationName = Release;
		};
/* End XCConfigurationList section */
	};
	rootObject = A93658722516F93100402DA5 /* Project object */;
}
